
Microsoft Visual Studio Solution File, Format Version 12.00
# Visual Studio Version 17
VisualStudioVersion = 17.5.33424.131
MinimumVisualStudioVersion = 10.0.40219.1
Project("{FAE04EC0-301F-11D3-BF4B-00C04F79EFBC}") = "Lab8", "Lab8\Lab8.csproj", "{0311F0AB-CDC7-4EA9-B904-0C33F92967AD}"
EndProject
Global
	GlobalSection(SolutionConfigurationPlatforms) = preSolution
		Debug|Any CPU = Debug|Any CPU
		Release|Any CPU = Release|Any CPU
	EndGlobalSection
	GlobalSection(ProjectConfigurationPlatforms) = postSolution
		{0311F0AB-CDC7-4EA9-B904-0C33F92967AD}.Debug|Any CPU.ActiveCfg = Debug|Any CPU
		{0311F0AB-CDC7-4EA9-B904-0C33F92967AD}.Debug|Any CPU.Build.0 = Debug|Any CPU
		{0311F0AB-CDC7-4EA9-B904-0C33F92967AD}.Release|Any CPU.ActiveCfg = Release|Any CPU
		{0311F0AB-CDC7-4EA9-B904-0C33F92967AD}.Release|Any CPU.Build.0 = Release|Any CPU
	EndGlobalSection
	GlobalSection(SolutionProperties) = preSolution
		HideSolutionNode = FALSE
	EndGlobalSection
	GlobalSection(ExtensibilityGlobals) = postSolution
		SolutionGuid = {0C021CC8-AA15-46AB-9E1C-A138814226A2}
	EndGlobalSection
EndGlobal
